
Microsoft Visual Studio Solution File, Format Version 12.00
# Visual Studio Version 16
VisualStudioVersion = 16.0.32126.315
MinimumVisualStudioVersion = 10.0.40219.1
Project("{FAE04EC0-301F-11D3-BF4B-00C04F79EFBC}") = "StackPop", "StackPop\StackPop.csproj", "{FD55AF7F-0769-41DA-AC74-7AA63B481043}"
EndProject
Global
	GlobalSection(SolutionConfigurationPlatforms) = preSolution
		Debug|Any CPU = Debug|Any CPU
		Release|Any CPU = Release|Any CPU
	EndGlobalSection
	GlobalSection(ProjectConfigurationPlatforms) = postSolution
		{FD55AF7F-0769-41DA-AC74-7AA63B481043}.Debug|Any CPU.ActiveCfg = Debug|Any CPU
		{FD55AF7F-0769-41DA-AC74-7AA63B481043}.Debug|Any CPU.Build.0 = Debug|Any CPU
		{FD55AF7F-0769-41DA-AC74-7AA63B481043}.Release|Any CPU.ActiveCfg = Release|Any CPU
		{FD55AF7F-0769-41DA-AC74-7AA63B481043}.Release|Any CPU.Build.0 = Release|Any CPU
	EndGlobalSection
	GlobalSection(SolutionProperties) = preSolution
		HideSolutionNode = FALSE
	EndGlobalSection
	GlobalSection(ExtensibilityGlobals) = postSolution
		SolutionGuid = {A58DD59A-58D9-40B1-B7BF-C1B0735BAE72}
	EndGlobalSection
EndGlobal
